// !$*UTF8*$!
{
	archiveVersion = 1;
	classes = {
	};
	objectVersion = 77;
	objects = {

/* Begin PBXContainerItemProxy section */
		B12055FC2EF0F6E80044D812 /* PBXContainerItemProxy */ = {
			isa = PBXContainerItemProxy;
			containerPortal = B12055E12EF0F6E70044D812 /* Project object */;
			proxyType = 1;
			remoteGlobalIDString = B12055E82EF0F6E70044D812;
			remoteInfo = EmptyStateView;
		};
		B12056062EF0F6E80044D812 /* PBXContainerItemProxy */ = {
			isa = PBXContainerItemProxy;
			containerPortal = B12055E12EF0F6E70044D812 /* Project object */;
			proxyType = 1;
			remoteGlobalIDString = B12055E82EF0F6E70044D812;
			remoteInfo = EmptyStateView;
		};
/* End PBXContainerItemProxy section */

/* Begin PBXFileReference section */
		B12055E92EF0F6E70044D812 /* EmptyStateView.app */ = {isa = PBXFileReference; explicitFileType = wrapper.application; includeInIndex = 0; path = EmptyStateView.app; sourceTree = BUILT_PRODUCTS_DIR; };
		B12055FB2EF0F6E80044D812 /* EmptyStateViewTests.xctest */ = {isa = PBXFileReference; explicitFileType = wrapper.cfbundle; includeInIndex = 0; path = EmptyStateViewTests.xctest; sourceTree = BUILT_PRODUCTS_DIR; };
		B12056052EF0F6E80044D812 /* EmptyStateViewUITests.xctest */ = {isa = PBXFileReference; explicitFileType = wrapper.cfbundle; includeInIndex = 0; path = EmptyStateViewUITests.xctest; sourceTree = BUILT_PRODUCTS_DIR; };
/* End PBXFileReference section */

/* Begin PBXFileSystemSynchronizedRootGroup section */
		B12055EB2EF0F6E70044D812 /* EmptyStateView */ = {
			isa = PBXFileSystemSynchronizedRootGroup;
			path = EmptyStateView;
			sourceTree = "<group>";
		};
		B12055FE2EF0F6E80044D812 /* EmptyStateViewTests */ = {
			isa = PBXFileSystemSynchronizedRootGroup;
			path = EmptyStateViewTests;
			sourceTree = "<group>";
		};
		B12056082EF0F6E80044D812 /* EmptyStateViewUITests */ = {
			isa = PBXFileSystemSynchronizedRootGroup;
			path = EmptyStateViewUITests;
			sourceTree = "<group>";
		};
/* End PBXFileSystemSynchronizedRootGroup section */

/* Begin PBXFrameworksBuildPhase section */
		B12055E62EF0F6E70044D812 /* Frameworks */ = {
			isa = PBXFrameworksBuildPhase;
			buildActionMask = 2147483647;
			files = (
			);
			runOnlyForDeploymentPostprocessing = 0;
		};
		B12055F82EF0F6E80044D812 /* Frameworks */ = {
			isa = PBXFrameworksBuildPhase;
			buildActionMask = 2147483647;
			files = (
			);
			runOnlyForDeploymentPostprocessing = 0;
		};
		B12056022EF0F6E80044D812 /* Frameworks */ = {
			isa = PBXFrameworksBuildPhase;
			buildActionMask = 2147483647;
			files = (
			);
			runOnlyForDeploymentPostprocessing = 0;
		};
/* End PBXFrameworksBuildPhase section */

/* Begin PBXGroup section */
		B12055E02EF0F6E70044D812 = {
			isa = PBXGroup;
			children = (
				B12055EB2EF0F6E70044D812 /* EmptyStateView */,
				B12055FE2EF0F6E80044D812 /* EmptyStateViewTests */,
				B12056082EF0F6E80044D812 /* EmptyStateViewUITests */,
				B12055EA2EF0F6E70044D812 /* Products */,
			);
			sourceTree = "<group>";
		};
		B12055EA2EF0F6E70044D812 /* Products */ = {
			isa = PBXGroup;
			children = (
				B12055E92EF0F6E70044D812 /* EmptyStateView.app */,
				B12055FB2EF0F6E80044D812 /* EmptyStateViewTests.xctest */,
				B12056052EF0F6E80044D812 /* EmptyStateViewUITests.xctest */,
			);
			name = Products;
			sourceTree = "<group>";
		};
/* End PBXGroup section */

/* Begin PBXNativeTarget section */
		B12055E82EF0F6E70044D812 /* EmptyStateView */ = {
			isa = PBXNativeTarget;
			buildConfigurationList = B120560F2EF0F6E80044D812 /* Build configuration list for PBXNativeTarget "EmptyStateView" */;
			buildPhases = (
				B12055E52EF0F6E70044D812 /* Sources */,
				B12055E62EF0F6E70044D812 /* Frameworks */,
				B12055E72EF0F6E70044D812 /* Resources */,
			);
			buildRules = (
			);
			dependencies = (
			);
			fileSystemSynchronizedGroups = (
				B12055EB2EF0F6E70044D812 /* EmptyStateView */,
			);
			name = EmptyStateView;
			packageProductDependencies = (
			);
			productName = EmptyStateView;
			productReference = B12055E92EF0F6E70044D812 /* EmptyStateView.app */;
			productType = "com.apple.product-type.application";
		};
		B12055FA2EF0F6E80044D812 /* EmptyStateViewTests */ = {
			isa = PBXNativeTarget;
			buildConfigurationList = B12056122EF0F6E80044D812 /* Build configuration list for PBXNativeTarget "EmptyStateViewTests" */;
			buildPhases = (
				B12055F72EF0F6E80044D812 /* Sources */,
				B12055F82EF0F6E80044D812 /* Frameworks */,
				B12055F92EF0F6E80044D812 /* Resources */,
			);
			buildRules = (
			);
			dependencies = (
				B12055FD2EF0F6E80044D812 /* PBXTargetDependency */,
			);
			fileSystemSynchronizedGroups = (
				B12055FE2EF0F6E80044D812 /* EmptyStateViewTests */,
			);
			name = EmptyStateViewTests;
			packageProductDependencies = (
			);
			productName = EmptyStateViewTests;
			productReference = B12055FB2EF0F6E80044D812 /* EmptyStateViewTests.xctest */;
			productType = "com.apple.product-type.bundle.unit-test";
		};
		B12056042EF0F6E80044D812 /* EmptyStateViewUITests */ = {
			isa = PBXNativeTarget;
			buildConfigurationList = B12056152EF0F6E80044D812 /* Build configuration list for PBXNativeTarget "EmptyStateViewUITests" */;
			buildPhases = (
				B12056012EF0F6E80044D812 /* Sources */,
				B12056022EF0F6E80044D812 /* Frameworks */,
				B12056032EF0F6E80044D812 /* Resources */,
			);
			buildRules = (
			);
			dependencies = (
				B12056072EF0F6E80044D812 /* PBXTargetDependency */,
			);
			fileSystemSynchronizedGroups = (
				B12056082EF0F6E80044D812 /* EmptyStateViewUITests */,
			);
			name = EmptyStateViewUITests;
			packageProductDependencies = (
			);
			productName = EmptyStateViewUITests;
			productReference = B12056052EF0F6E80044D812 /* EmptyStateViewUITests.xctest */;
			productType = "com.apple.product-type.bundle.ui-testing";
		};
/* End PBXNativeTarget section */

/* Begin PBXProject section */
		B12055E12EF0F6E70044D812 /* Project object */ = {
			isa = PBXProject;
			attributes = {
				BuildIndependentTargetsInParallel = 1;
				LastSwiftUpdateCheck = 1610;
				LastUpgradeCheck = 1610;
				TargetAttributes = {
					B12055E82EF0F6E70044D812 = {
						CreatedOnToolsVersion = 16.1;
					};
					B12055FA2EF0F6E80044D812 = {
						CreatedOnToolsVersion = 16.1;
						TestTargetID = B12055E82EF0F6E70044D812;
					};
					B12056042EF0F6E80044D812 = {
						CreatedOnToolsVersion = 16.1;
						TestTargetID = B12055E82EF0F6E70044D812;
					};
				};
			};
			buildConfigurationList = B12055E42EF0F6E70044D812 /* Build configuration list for PBXProject "EmptyStateView" */;
			developmentRegion = en;
			hasScannedForEncodings = 0;
			knownRegions = (
				en,
				Base,
			);
			mainGroup = B12055E02EF0F6E70044D812;
			minimizedProjectReferenceProxies = 1;
			preferredProjectObjectVersion = 77;
			productRefGroup = B12055EA2EF0F6E70044D812 /* Products */;
			projectDirPath = "";
			projectRoot = "";
			targets = (
				B12055E82EF0F6E70044D812 /* EmptyStateView */,
				B12055FA2EF0F6E80044D812 /* EmptyStateViewTests */,
				B12056042EF0F6E80044D812 /* EmptyStateViewUITests */,
			);
		};
/* End PBXProject section */

/* Begin PBXResourcesBuildPhase section */
		B12055E72EF0F6E70044D812 /* Resources */ = {
			isa = PBXResourcesBuildPhase;
			buildActionMask = 2147483647;
			files = (
			);
			runOnlyForDeploymentPostprocessing = 0;
		};
		B12055F92EF0F6E80044D812 /* Resources */ = {
			isa = PBXResourcesBuildPhase;
			buildActionMask = 2147483647;
			files = (
			);
			runOnlyForDeploymentPostprocessing = 0;
		};
		B12056032EF0F6E80044D812 /* Resources */ = {
			isa = PBXResourcesBuildPhase;
			buildActionMask = 2147483647;
			files = (
			);
			runOnlyForDeploymentPostprocessing = 0;
		};
/* End PBXResourcesBuildPhase section */

/* Begin PBXSourcesBuildPhase section */
		B12055E52EF0F6E70044D812 /* Sources */ = {
			isa = PBXSourcesBuildPhase;
			buildActionMask = 2147483647;
			files = (
			);
			runOnlyForDeploymentPostprocessing = 0;
		};
		B12055F72EF0F6E80044D812 /* Sources */ = {
			isa = PBXSourcesBuildPhase;
			buildActionMask = 2147483647;
			files = (
			);
			runOnlyForDeploymentPostprocessing = 0;
		};
		B12056012EF0F6E80044D812 /* Sources */ = {
			isa = PBXSourcesBuildPhase;
			buildActionMask = 2147483647;
			files = (
			);
			runOnlyForDeploymentPostprocessing = 0;
		};
/* End PBXSourcesBuildPhase section */

/* Begin PBXTargetDependency section */
		B12055FD2EF0F6E80044D812 /* PBXTargetDependency */ = {
			isa = PBXTargetDependency;
			target = B12055E82EF0F6E70044D812 /* EmptyStateView */;
			targetProxy = B12055FC2EF0F6E80044D812 /* PBXContainerItemProxy */;
		};
		B12056072EF0F6E80044D812 /* PBXTargetDependency */ = {
			isa = PBXTargetDependency;
			target = B12055E82EF0F6E70044D812 /* EmptyStateView */;
			targetProxy = B12056062EF0F6E80044D812 /* PBXContainerItemProxy */;
		};
/* End PBXTargetDependency section */

/* Begin XCBuildConfiguration section */
		B120560D2EF0F6E80044D812 /* Debug */ = {
			isa = XCBuildConfiguration;
			buildSettings = {
				ALWAYS_SEARCH_USER_PATHS = NO;
				ASSETCATALOG_COMPILER_GENERATE_SWIFT_ASSET_SYMBOL_EXTENSIONS = YES;
				CLANG_ANALYZER_NONNULL = YES;
				CLANG_ANALYZER_NUMBER_OBJECT_CONVERSION = YES_AGGRESSIVE;
				CLANG_CXX_LANGUAGE_STANDARD = "gnu++20";
				CLANG_ENABLE_MODULES = YES;
				CLANG_ENABLE_OBJC_ARC = YES;
				CLANG_ENABLE_OBJC_WEAK = YES;
				CLANG_WARN_BLOCK_CAPTURE_AUTORELEASING = YES;
				CLANG_WARN_BOOL_CONVERSION = YES;
				CLANG_WARN_COMMA = YES;
				CLANG_WARN_CONSTANT_CONVERSION = YES;
				CLANG_WARN_DEPRECATED_OBJC_IMPLEMENTATIONS = YES;
				CLANG_WARN_DIRECT_OBJC_ISA_USAGE = YES_ERROR;
				CLANG_WARN_DOCUMENTATION_COMMENTS = YES;
				CLANG_WARN_EMPTY_BODY = YES;
				CLANG_WARN_ENUM_CONVERSION = YES;
				CLANG_WARN_INFINITE_RECURSION = YES;
				CLANG_WARN_INT_CONVERSION = YES;
				CLANG_WARN_NON_LITERAL_NULL_CONVERSION = YES;
				CLANG_WARN_OBJC_IMPLICIT_RETAIN_SELF = YES;
				CLANG_WARN_OBJC_LITERAL_CONVERSION = YES;
				CLANG_WARN_OBJC_ROOT_CLASS = YES_ERROR;
				CLANG_WARN_QUOTED_INCLUDE_IN_FRAMEWORK_HEADER = YES;
				CLANG_WARN_RANGE_LOOP_ANALYSIS = YES;
				CLANG_WARN_STRICT_PROTOTYPES = YES;
				CLANG_WARN_SUSPICIOUS_MOVE = YES;
				CLANG_WARN_UNGUARDED_AVAILABILITY = YES_AGGRESSIVE;
				CLANG_WARN_UNREACHABLE_CODE = YES;
				CLANG_WARN__DUPLICATE_METHOD_MATCH = YES;
				COPY_PHASE_STRIP = NO;
				DEBUG_INFORMATION_FORMAT = dwarf;
				ENABLE_STRICT_OBJC_MSGSEND = YES;
				ENABLE_TESTABILITY = YES;
				ENABLE_USER_SCRIPT_SANDBOXING = YES;
				GCC_C_LANGUAGE_STANDARD = gnu17;
				GCC_DYNAMIC_NO_PIC = NO;
				GCC_NO_COMMON_BLOCKS = YES;
				GCC_OPTIMIZATION_LEVEL = 0;
				GCC_PREPROCESSOR_DEFINITIONS = (
					"DEBUG=1",
					"$(inherited)",
				);
				GCC_WARN_64_TO_32_BIT_CONVERSION = YES;
				GCC_WARN_ABOUT_RETURN_TYPE = YES_ERROR;
				GCC_WARN_UNDECLARED_SELECTOR = YES;
				GCC_WARN_UNINITIALIZED_AUTOS = YES_AGGRESSIVE;
				GCC_WARN_UNUSED_FUNCTION = YES;
				GCC_WARN_UNUSED_VARIABLE = YES;
				IPHONEOS_DEPLOYMENT_TARGET = 18.1;
				LOCALIZATION_PREFERS_STRING_CATALOGS = YES;
				MTL_ENABLE_DEBUG_INFO = INCLUDE_SOURCE;
				MTL_FAST_MATH = YES;
				ONLY_ACTIVE_ARCH = YES;
				SDKROOT = iphoneos;
				SWIFT_ACTIVE_COMPILATION_CONDITIONS = "DEBUG $(inherited)";
				SWIFT_OPTIMIZATION_LEVEL = "-Onone";
			};
			name = Debug;
		};
		B120560E2EF0F6E80044D812 /* Release */ = {
			isa = XCBuildConfiguration;
			buildSettings = {
				ALWAYS_SEARCH_USER_PATHS = NO;
				ASSETCATALOG_COMPILER_GENERATE_SWIFT_ASSET_SYMBOL_EXTENSIONS = YES;
				CLANG_ANALYZER_NONNULL = YES;
				CLANG_ANALYZER_NUMBER_OBJECT_CONVERSION = YES_AGGRESSIVE;
				CLANG_CXX_LANGUAGE_STANDARD = "gnu++20";
				CLANG_ENABLE_MODULES = YES;
				CLANG_ENABLE_OBJC_ARC = YES;
				CLANG_ENABLE_OBJC_WEAK = YES;
				CLANG_WARN_BLOCK_CAPTURE_AUTORELEASING = YES;
				CLANG_WARN_BOOL_CONVERSION = YES;
				CLANG_WARN_COMMA = YES;
				CLANG_WARN_CONSTANT_CONVERSION = YES;
				CLANG_WARN_DEPRECATED_OBJC_IMPLEMENTATIONS = YES;
				CLANG_WARN_DIRECT_OBJC_ISA_USAGE = YES_ERROR;
				CLANG_WARN_DOCUMENTATION_COMMENTS = YES;
				CLANG_WARN_EMPTY_BODY = YES;
				CLANG_WARN_ENUM_CONVERSION = YES;
				CLANG_WARN_INFINITE_RECURSION = YES;
				CLANG_WARN_INT_CONVERSION = YES;
				CLANG_WARN_NON_LITERAL_NULL_CONVERSION = YES;
				CLANG_WARN_OBJC_IMPLICIT_RETAIN_SELF = YES;
				CLANG_WARN_OBJC_LITERAL_CONVERSION = YES;
				CLANG_WARN_OBJC_ROOT_CLASS = YES_ERROR;
				CLANG_WARN_QUOTED_INCLUDE_IN_FRAMEWORK_HEADER = YES;
				CLANG_WARN_RANGE_LOOP_ANALYSIS = YES;
				CLANG_WARN_STRICT_PROTOTYPES = YES;
				CLANG_WARN_SUSPICIOUS_MOVE = YES;
				CLANG_WARN_UNGUARDED_AVAILABILITY = YES_AGGRESSIVE;
				CLANG_WARN_UNREACHABLE_CODE = YES;
				CLANG_WARN__DUPLICATE_METHOD_MATCH = YES;
				COPY_PHASE_STRIP = NO;
				DEBUG_INFORMATION_FORMAT = "dwarf-with-dsym";
				ENABLE_NS_ASSERTIONS = NO;
				ENABLE_STRICT_OBJC_MSGSEND = YES;
				ENABLE_USER_SCRIPT_SANDBOXING = YES;
				GCC_C_LANGUAGE_STANDARD = gnu17;
				GCC_NO_COMMON_BLOCKS = YES;
				GCC_WARN_64_TO_32_BIT_CONVERSION = YES;
				GCC_WARN_ABOUT_RETURN_TYPE = YES_ERROR;
				GCC_WARN_UNDECLARED_SELECTOR = YES;
				GCC_WARN_UNINITIALIZED_AUTOS = YES_AGGRESSIVE;
				GCC_WARN_UNUSED_FUNCTION = YES;
				GCC_WARN_UNUSED_VARIABLE = YES;
				IPHONEOS_DEPLOYMENT_TARGET = 18.1;
				LOCALIZATION_PREFERS_STRING_CATALOGS = YES;
				MTL_ENABLE_DEBUG_INFO = NO;
				MTL_FAST_MATH = YES;
				SDKROOT = iphoneos;
				SWIFT_COMPILATION_MODE = wholemodule;
				VALIDATE_PRODUCT = YES;
			};
			name = Release;
		};
		B12056102EF0F6E80044D812 /* Debug */ = {
			isa = XCBuildConfiguration;
			buildSettings = {
				ASSETCATALOG_COMPILER_APPICON_NAME = AppIcon;
				ASSETCATALOG_COMPILER_GLOBAL_ACCENT_COLOR_NAME = AccentColor;
				CODE_SIGN_STYLE = Automatic;
				CURRENT_PROJECT_VERSION = 1;
				DEVELOPMENT_ASSET_PATHS = "\"EmptyStateView/Preview Content\"";
				ENABLE_PREVIEWS = YES;
				GENERATE_INFOPLIST_FILE = YES;
				INFOPLIST_KEY_UIApplicationSceneManifest_Generation = YES;
				INFOPLIST_KEY_UIApplicationSupportsIndirectInputEvents = YES;
				INFOPLIST_KEY_UILaunchScreen_Generation = YES;
				INFOPLIST_KEY_UISupportedInterfaceOrientations_iPad = "UIInterfaceOrientationPortrait UIInterfaceOrientationPortraitUpsideDown UIInterfaceOrientationLandscapeLeft UIInterfaceOrientationLandscapeRight";
				INFOPLIST_KEY_UISupportedInterfaceOrientations_iPhone = "UIInterfaceOrientationPortrait UIInterfaceOrientationLandscapeLeft UIInterfaceOrientationLandscapeRight";
				LD_RUNPATH_SEARCH_PATHS = (
					"$(inherited)",
					"@executable_path/Frameworks",
				);
				MARKETING_VERSION = 1.0;
				PRODUCT_BUNDLE_IDENTIFIER = capacitabr.EmptyStateView;
				PRODUCT_NAME = "$(TARGET_NAME)";
				SWIFT_EMIT_LOC_STRINGS = YES;
				SWIFT_VERSION = 5.0;
				TARGETED_DEVICE_FAMILY = "1,2";
			};
			name = Debug;
		};
		B12056112EF0F6E80044D812 /* Release */ = {
			isa = XCBuildConfiguration;
			buildSettings = {
				ASSETCATALOG_COMPILER_APPICON_NAME = AppIcon;
				ASSETCATALOG_COMPILER_GLOBAL_ACCENT_COLOR_NAME = AccentColor;
				CODE_SIGN_STYLE = Automatic;
				CURRENT_PROJECT_VERSION = 1;
				DEVELOPMENT_ASSET_PATHS = "\"EmptyStateView/Preview Content\"";
				ENABLE_PREVIEWS = YES;
				GENERATE_INFOPLIST_FILE = YES;
				INFOPLIST_KEY_UIApplicationSceneManifest_Generation = YES;
				INFOPLIST_KEY_UIApplicationSupportsIndirectInputEvents = YES;
				INFOPLIST_KEY_UILaunchScreen_Generation = YES;
				INFOPLIST_KEY_UISupportedInterfaceOrientations_iPad = "UIInterfaceOrientationPortrait UIInterfaceOrientationPortraitUpsideDown UIInterfaceOrientationLandscapeLeft UIInterfaceOrientationLandscapeRight";
				INFOPLIST_KEY_UISupportedInterfaceOrientations_iPhone = "UIInterfaceOrientationPortrait UIInterfaceOrientationLandscapeLeft UIInterfaceOrientationLandscapeRight";
				LD_RUNPATH_SEARCH_PATHS = (
					"$(inherited)",
					"@executable_path/Frameworks",
				);
				MARKETING_VERSION = 1.0;
				PRODUCT_BUNDLE_IDENTIFIER = capacitabr.EmptyStateView;
				PRODUCT_NAME = "$(TARGET_NAME)";
				SWIFT_EMIT_LOC_STRINGS = YES;
				SWIFT_VERSION = 5.0;
				TARGETED_DEVICE_FAMILY = "1,2";
			};
			name = Release;
		};
		B12056132EF0F6E80044D812 /* Debug */ = {
			isa = XCBuildConfiguration;
			buildSettings = {
				BUNDLE_LOADER = "$(TEST_HOST)";
				CODE_SIGN_STYLE = Automatic;
				CURRENT_PROJECT_VERSION = 1;
				GENERATE_INFOPLIST_FILE = YES;
				IPHONEOS_DEPLOYMENT_TARGET = 18.1;
				MARKETING_VERSION = 1.0;
				PRODUCT_BUNDLE_IDENTIFIER = capacitabr.EmptyStateViewTests;
				PRODUCT_NAME = "$(TARGET_NAME)";
				SWIFT_EMIT_LOC_STRINGS = NO;
				SWIFT_VERSION = 5.0;
				TARGETED_DEVICE_FAMILY = "1,2";
				TEST_HOST = "$(BUILT_PRODUCTS_DIR)/EmptyStateView.app/$(BUNDLE_EXECUTABLE_FOLDER_PATH)/EmptyStateView";
			};
			name = Debug;
		};
		B12056142EF0F6E80044D812 /* Release */ = {
			isa = XCBuildConfiguration;
			buildSettings = {
				BUNDLE_LOADER = "$(TEST_HOST)";
				CODE_SIGN_STYLE = Automatic;
				CURRENT_PROJECT_VERSION = 1;
				GENERATE_INFOPLIST_FILE = YES;
				IPHONEOS_DEPLOYMENT_TARGET = 18.1;
				MARKETING_VERSION = 1.0;
				PRODUCT_BUNDLE_IDENTIFIER = capacitabr.EmptyStateViewTests;
				PRODUCT_NAME = "$(TARGET_NAME)";
				SWIFT_EMIT_LOC_STRINGS = NO;
				SWIFT_VERSION = 5.0;
				TARGETED_DEVICE_FAMILY = "1,2";
				TEST_HOST = "$(BUILT_PRODUCTS_DIR)/EmptyStateView.app/$(BUNDLE_EXECUTABLE_FOLDER_PATH)/EmptyStateView";
			};
			name = Release;
		};
		B12056162EF0F6E80044D812 /* Debug */ = {
			isa = XCBuildConfiguration;
			buildSettings = {
				CODE_SIGN_STYLE = Automatic;
				CURRENT_PROJECT_VERSION = 1;
				GENERATE_INFOPLIST_FILE = YES;
				MARKETING_VERSION = 1.0;
				PRODUCT_BUNDLE_IDENTIFIER = capacitabr.EmptyStateViewUITests;
				PRODUCT_NAME = "$(TARGET_NAME)";
				SWIFT_EMIT_LOC_STRINGS = NO;
				SWIFT_VERSION = 5.0;
				TARGETED_DEVICE_FAMILY = "1,2";
				TEST_TARGET_NAME = EmptyStateView;
			};
			name = Debug;
		};
		B12056172EF0F6E80044D812 /* Release */ = {
			isa = XCBuildConfiguration;
			buildSettings = {
				CODE_SIGN_STYLE = Automatic;
				CURRENT_PROJECT_VERSION = 1;
				GENERATE_INFOPLIST_FILE = YES;
				MARKETING_VERSION = 1.0;
				PRODUCT_BUNDLE_IDENTIFIER = capacitabr.EmptyStateViewUITests;
				PRODUCT_NAME = "$(TARGET_NAME)";
				SWIFT_EMIT_LOC_STRINGS = NO;
				SWIFT_VERSION = 5.0;
				TARGETED_DEVICE_FAMILY = "1,2";
				TEST_TARGET_NAME = EmptyStateView;
			};
			name = Release;
		};
/* End XCBuildConfiguration section */

/* Begin XCConfigurationList section */
		B12055E42EF0F6E70044D812 /* Build configuration list for PBXProject "EmptyStateView" */ = {
			isa = XCConfigurationList;
			buildConfigurations = (
				B120560D2EF0F6E80044D812 /* Debug */,
				B120560E2EF0F6E80044D812 /* Release */,
			);
			defaultConfigurationIsVisible = 0;
			defaultConfigurationName = Release;
		};
		B120560F2EF0F6E80044D812 /* Build configuration list for PBXNativeTarget "EmptyStateView" */ = {
			isa = XCConfigurationList;
			buildConfigurations = (
				B12056102EF0F6E80044D812 /* Debug */,
				B12056112EF0F6E80044D812 /* Release */,
			);
			defaultConfigurationIsVisible = 0;
			defaultConfigurationName = Release;
		};
		B12056122EF0F6E80044D812 /* Build configuration list for PBXNativeTarget "EmptyStateViewTests" */ = {
			isa = XCConfigurationList;
			buildConfigurations = (
				B12056132EF0F6E80044D812 /* Debug */,
				B12056142EF0F6E80044D812 /* Release */,
			);
			defaultConfigurationIsVisible = 0;
			defaultConfigurationName = Release;
		};
		B12056152EF0F6E80044D812 /* Build configuration list for PBXNativeTarget "EmptyStateViewUITests" */ = {
			isa = XCConfigurationList;
			buildConfigurations = (
				B12056162EF0F6E80044D812 /* Debug */,
				B12056172EF0F6E80044D812 /* Release */,
			);
			defaultConfigurationIsVisible = 0;
			defaultConfigurationName = Release;
		};
/* End XCConfigurationList section */
	};
	rootObject = B12055E12EF0F6E70044D812 /* Project object */;
}
